
Microsoft Visual Studio Solution File, Format Version 12.00
# Visual Studio Version 16
VisualStudioVersion = 16.0.29613.14
MinimumVisualStudioVersion = 10.0.40219.1
Project("{2150E333-8FDC-42A3-9474-1A3956D46DE8}") = "Services", "Services", "{3DDED124-9308-449D-92BA-FFB70C59E2B4}"
EndProject
Project("{2150E333-8FDC-42A3-9474-1A3956D46DE8}") = "Catalog", "Catalog", "{CB532D68-4F30-4EEA-B193-9801938E6BDE}"
EndProject
Project("{9A19103F-16F7-4668-BE54-9A1E7A4F7556}") = "Catalog.API", "Services\Catalog\Catalog.API\Catalog.API.csproj", "{79BDDE61-91AA-46D1-8678-56139B4D53E5}"
EndProject
Project("{E53339B2-1760-4266-BCC7-CA923CBCF16C}") = "docker-compose", "docker-compose.dcproj", "{FC0B8E9E-D5BC-49C0-AF18-EAF6B08EBFA3}"
EndProject
Project("{2150E333-8FDC-42A3-9474-1A3956D46DE8}") = "Basket", "Basket", "{D76C3A74-C041-40E0-9C9C-776CA0B997D9}"
EndProject
Project("{9A19103F-16F7-4668-BE54-9A1E7A4F7556}") = "Basket.API", "Services\Basket\Basket.API\Basket.API.csproj", "{2814E9E3-652F-4A88-B4EE-EFDE96D03A7E}"
EndProject
Project("{2150E333-8FDC-42A3-9474-1A3956D46DE8}") = "Discount", "Discount", "{89C29B42-7DB9-4D98-B13F-53F5739091C0}"
EndProject
Project("{9A19103F-16F7-4668-BE54-9A1E7A4F7556}") = "Discount.API", "Services\Discount\Discount.API\Discount.API.csproj", "{B3348F04-35FB-40B5-B6F3-CEFBED1883FF}"
EndProject
Project("{9A19103F-16F7-4668-BE54-9A1E7A4F7556}") = "Discount.Grpc", "Services\Discount\Discount.Grpc\Discount.Grpc.csproj", "{9E40767B-22EB-413D-B48E-5E76E84BE6AA}"
EndProject
Project("{2150E333-8FDC-42A3-9474-1A3956D46DE8}") = "Ordering", "Ordering", "{F4166FEA-BCB1-406F-98C2-466F5C459F5F}"
EndProject
Project("{9A19103F-16F7-4668-BE54-9A1E7A4F7556}") = "Ordering.API", "Services\Ordering\Ordering.API\Ordering.API.csproj", "{7BA47BB7-10AE-46CB-977A-5B9BFE6AAD6E}"
EndProject
Project("{9A19103F-16F7-4668-BE54-9A1E7A4F7556}") = "Ordering.Domain", "Services\Ordering\Ordering.Domain\Ordering.Domain.csproj", "{43194CB9-4A1F-4FCF-8EA3-2BA758129F23}"
EndProject
Project("{9A19103F-16F7-4668-BE54-9A1E7A4F7556}") = "Ordering.Application", "Services\Ordering\Ordering.Application\Ordering.Application.csproj", "{372EF613-E308-4338-9C9F-506231ADF49C}"
EndProject
Project("{9A19103F-16F7-4668-BE54-9A1E7A4F7556}") = "Ordering.Infrastructure", "Services\Ordering\Ordering.Infrastructure\Ordering.Infrastructure.csproj", "{15D8CEA9-9767-4166-9D7D-BCAD7B8C1AD1}"
EndProject
Project("{2150E333-8FDC-42A3-9474-1A3956D46DE8}") = "BuildingBlocks", "BuildingBlocks", "{B2F25403-AFC7-4362-B787-4EA65164E7AF}"
EndProject
Project("{9A19103F-16F7-4668-BE54-9A1E7A4F7556}") = "EventBus.Messages", "BuildingBlocks\EventBus.Messages\EventBus.Messages.csproj", "{DCCD9B8C-5E23-4553-BDE4-22C5908CBA03}"
EndProject
Project("{2150E333-8FDC-42A3-9474-1A3956D46DE8}") = "ApiGateways", "ApiGateways", "{8C250057-9052-411C-83E5-ED1C1E8D53F7}"
EndProject
Project("{9A19103F-16F7-4668-BE54-9A1E7A4F7556}") = "OcelotApiGw", "ApiGateways\OcelotApiGw\OcelotApiGw.csproj", "{B80D9FFC-CAAD-4BAB-8455-66DC83FD10F4}"
EndProject
Project("{9A19103F-16F7-4668-BE54-9A1E7A4F7556}") = "Shopping.Aggregator", "ApiGateways\Shopping.Aggregator\Shopping.Aggregator.csproj", "{50EF86A6-27C8-40EF-8277-17257EA729E3}"
EndProject
Project("{2150E333-8FDC-42A3-9474-1A3956D46DE8}") = "WebApps", "WebApps", "{F8B03D6E-8C03-4B4D-95A1-C24BC6837F5D}"
EndProject
Project("{9A19103F-16F7-4668-BE54-9A1E7A4F7556}") = "AspnetRunBasics", "WebApps\AspnetRunBasics\AspnetRunBasics.csproj", "{3A6F2696-7F48-4D9E-8B57-3FCFE9D69BF0}"
EndProject
Global
	GlobalSection(SolutionConfigurationPlatforms) = preSolution
		Debug|Any CPU = Debug|Any CPU
		Release|Any CPU = Release|Any CPU
	EndGlobalSection
	GlobalSection(ProjectConfigurationPlatforms) = postSolution
		{79BDDE61-91AA-46D1-8678-56139B4D53E5}.Debug|Any CPU.ActiveCfg = Debug|Any CPU
		{79BDDE61-91AA-46D1-8678-56139B4D53E5}.Debug|Any CPU.Build.0 = Debug|Any CPU
		{79BDDE61-91AA-46D1-8678-56139B4D53E5}.Release|Any CPU.ActiveCfg = Release|Any CPU
		{79BDDE61-91AA-46D1-8678-56139B4D53E5}.Release|Any CPU.Build.0 = Release|Any CPU
		{FC0B8E9E-D5BC-49C0-AF18-EAF6B08EBFA3}.Debug|Any CPU.ActiveCfg = Debug|Any CPU
		{FC0B8E9E-D5BC-49C0-AF18-EAF6B08EBFA3}.Debug|Any CPU.Build.0 = Debug|Any CPU
		{FC0B8E9E-D5BC-49C0-AF18-EAF6B08EBFA3}.Release|Any CPU.ActiveCfg = Release|Any CPU
		{FC0B8E9E-D5BC-49C0-AF18-EAF6B08EBFA3}.Release|Any CPU.Build.0 = Release|Any CPU
		{2814E9E3-652F-4A88-B4EE-EFDE96D03A7E}.Debug|Any CPU.ActiveCfg = Debug|Any CPU
		{2814E9E3-652F-4A88-B4EE-EFDE96D03A7E}.Debug|Any CPU.Build.0 = Debug|Any CPU
		{2814E9E3-652F-4A88-B4EE-EFDE96D03A7E}.Release|Any CPU.ActiveCfg = Release|Any CPU
		{2814E9E3-652F-4A88-B4EE-EFDE96D03A7E}.Release|Any CPU.Build.0 = Release|Any CPU
		{B3348F04-35FB-40B5-B6F3-CEFBED1883FF}.Debug|Any CPU.ActiveCfg = Debug|Any CPU
		{B3348F04-35FB-40B5-B6F3-CEFBED1883FF}.Debug|Any CPU.Build.0 = Debug|Any CPU
		{B3348F04-35FB-40B5-B6F3-CEFBED1883FF}.Release|Any CPU.ActiveCfg = Release|Any CPU
		{B3348F04-35FB-40B5-B6F3-CEFBED1883FF}.Release|Any CPU.Build.0 = Release|Any CPU
		{9E40767B-22EB-413D-B48E-5E76E84BE6AA}.Debug|Any CPU.ActiveCfg = Debug|Any CPU
		{9E40767B-22EB-413D-B48E-5E76E84BE6AA}.Debug|Any CPU.Build.0 = Debug|Any CPU
		{9E40767B-22EB-413D-B48E-5E76E84BE6AA}.Release|Any CPU.ActiveCfg = Release|Any CPU
		{9E40767B-22EB-413D-B48E-5E76E84BE6AA}.Release|Any CPU.Build.0 = Release|Any CPU
		{7BA47BB7-10AE-46CB-977A-5B9BFE6AAD6E}.Debug|Any CPU.ActiveCfg = Debug|Any CPU
		{7BA47BB7-10AE-46CB-977A-5B9BFE6AAD6E}.Debug|Any CPU.Build.0 = Debug|Any CPU
		{7BA47BB7-10AE-46CB-977A-5B9BFE6AAD6E}.Release|Any CPU.ActiveCfg = Release|Any CPU
		{7BA47BB7-10AE-46CB-977A-5B9BFE6AAD6E}.Release|Any CPU.Build.0 = Release|Any CPU
		{43194CB9-4A1F-4FCF-8EA3-2BA758129F23}.Debug|Any CPU.ActiveCfg = Debug|Any CPU
		{43194CB9-4A1F-4FCF-8EA3-2BA758129F23}.Debug|Any CPU.Build.0 = Debug|Any CPU
		{43194CB9-4A1F-4FCF-8EA3-2BA758129F23}.Release|Any CPU.ActiveCfg = Release|Any CPU
		{43194CB9-4A1F-4FCF-8EA3-2BA758129F23}.Release|Any CPU.Build.0 = Release|Any CPU
		{372EF613-E308-4338-9C9F-506231ADF49C}.Debug|Any CPU.ActiveCfg = Debug|Any CPU
		{372EF613-E308-4338-9C9F-506231ADF49C}.Debug|Any CPU.Build.0 = Debug|Any CPU
		{372EF613-E308-4338-9C9F-506231ADF49C}.Release|Any CPU.ActiveCfg = Release|Any CPU
		{372EF613-E308-4338-9C9F-506231ADF49C}.Release|Any CPU.Build.0 = Release|Any CPU
		{15D8CEA9-9767-4166-9D7D-BCAD7B8C1AD1}.Debug|Any CPU.ActiveCfg = Debug|Any CPU
		{15D8CEA9-9767-4166-9D7D-BCAD7B8C1AD1}.Debug|Any CPU.Build.0 = Debug|Any CPU
		{15D8CEA9-9767-4166-9D7D-BCAD7B8C1AD1}.Release|Any CPU.ActiveCfg = Release|Any CPU
		{15D8CEA9-9767-4166-9D7D-BCAD7B8C1AD1}.Release|Any CPU.Build.0 = Release|Any CPU
		{DCCD9B8C-5E23-4553-BDE4-22C5908CBA03}.Debug|Any CPU.ActiveCfg = Debug|Any CPU
		{DCCD9B8C-5E23-4553-BDE4-22C5908CBA03}.Debug|Any CPU.Build.0 = Debug|Any CPU
		{DCCD9B8C-5E23-4553-BDE4-22C5908CBA03}.Release|Any CPU.ActiveCfg = Release|Any CPU
		{DCCD9B8C-5E23-4553-BDE4-22C5908CBA03}.Release|Any CPU.Build.0 = Release|Any CPU
		{B80D9FFC-CAAD-4BAB-8455-66DC83FD10F4}.Debug|Any CPU.ActiveCfg = Debug|Any CPU
		{B80D9FFC-CAAD-4BAB-8455-66DC83FD10F4}.Debug|Any CPU.Build.0 = Debug|Any CPU
		{B80D9FFC-CAAD-4BAB-8455-66DC83FD10F4}.Release|Any CPU.ActiveCfg = Release|Any CPU
		{B80D9FFC-CAAD-4BAB-8455-66DC83FD10F4}.Release|Any CPU.Build.0 = Release|Any CPU
		{50EF86A6-27C8-40EF-8277-17257EA729E3}.Debug|Any CPU.ActiveCfg = Debug|Any CPU
		{50EF86A6-27C8-40EF-8277-17257EA729E3}.Debug|Any CPU.Build.0 = Debug|Any CPU
		{50EF86A6-27C8-40EF-8277-17257EA729E3}.Release|Any CPU.ActiveCfg = Release|Any CPU
		{50EF86A6-27C8-40EF-8277-17257EA729E3}.Release|Any CPU.Build.0 = Release|Any CPU
		{3A6F2696-7F48-4D9E-8B57-3FCFE9D69BF0}.Debug|Any CPU.ActiveCfg = Debug|Any CPU
		{3A6F2696-7F48-4D9E-8B57-3FCFE9D69BF0}.Debug|Any CPU.Build.0 = Debug|Any CPU
		{3A6F2696-7F48-4D9E-8B57-3FCFE9D69BF0}.Release|Any CPU.ActiveCfg = Release|Any CPU
		{3A6F2696-7F48-4D9E-8B57-3FCFE9D69BF0}.Release|Any CPU.Build.0 = Release|Any CPU
	EndGlobalSection
	GlobalSection(SolutionProperties) = preSolution
		HideSolutionNode = FALSE
	EndGlobalSection
	GlobalSection(NestedProjects) = preSolution
		{CB532D68-4F30-4EEA-B193-9801938E6BDE} = {3DDED124-9308-449D-92BA-FFB70C59E2B4}
		{79BDDE61-91AA-46D1-8678-56139B4D53E5} = {CB532D68-4F30-4EEA-B193-9801938E6BDE}
		{D76C3A74-C041-40E0-9C9C-776CA0B997D9} = {3DDED124-9308-449D-92BA-FFB70C59E2B4}
		{2814E9E3-652F-4A88-B4EE-EFDE96D03A7E} = {D76C3A74-C041-40E0-9C9C-776CA0B997D9}
		{89C29B42-7DB9-4D98-B13F-53F5739091C0} = {3DDED124-9308-449D-92BA-FFB70C59E2B4}
		{B3348F04-35FB-40B5-B6F3-CEFBED1883FF} = {89C29B42-7DB9-4D98-B13F-53F5739091C0}
		{9E40767B-22EB-413D-B48E-5E76E84BE6AA} = {89C29B42-7DB9-4D98-B13F-53F5739091C0}
		{F4166FEA-BCB1-406F-98C2-466F5C459F5F} = {3DDED124-9308-449D-92BA-FFB70C59E2B4}
		{7BA47BB7-10AE-46CB-977A-5B9BFE6AAD6E} = {F4166FEA-BCB1-406F-98C2-466F5C459F5F}
		{43194CB9-4A1F-4FCF-8EA3-2BA758129F23} = {F4166FEA-BCB1-406F-98C2-466F5C459F5F}
		{372EF613-E308-4338-9C9F-506231ADF49C} = {F4166FEA-BCB1-406F-98C2-466F5C459F5F}
		{15D8CEA9-9767-4166-9D7D-BCAD7B8C1AD1} = {F4166FEA-BCB1-406F-98C2-466F5C459F5F}
		{DCCD9B8C-5E23-4553-BDE4-22C5908CBA03} = {B2F25403-AFC7-4362-B787-4EA65164E7AF}
		{B80D9FFC-CAAD-4BAB-8455-66DC83FD10F4} = {8C250057-9052-411C-83E5-ED1C1E8D53F7}
		{50EF86A6-27C8-40EF-8277-17257EA729E3} = {8C250057-9052-411C-83E5-ED1C1E8D53F7}
		{3A6F2696-7F48-4D9E-8B57-3FCFE9D69BF0} = {F8B03D6E-8C03-4B4D-95A1-C24BC6837F5D}
	EndGlobalSection
	GlobalSection(ExtensibilityGlobals) = postSolution
		SolutionGuid = {AF7A14EE-65B2-4B82-96D3-48B376371EEE}
	EndGlobalSection
EndGlobal
